
Microsoft Visual Studio Solution File, Format Version 12.00
Project("{FAE04EC0-301F-11D3-BF4B-00C04F79EFBC}") = "WebFile.BlazorServer", "WebFile.BlazorServer\WebFile.BlazorServer.csproj", "{5CD41721-BF74-451D-8E1B-BA02D6E5A5A3}"
EndProject
Project("{FAE04EC0-301F-11D3-BF4B-00C04F79EFBC}") = "WebFile.WebApi", "WebFile.WebApi\WebFile.WebApi.csproj", "{B2F5BF88-FFE0-4BE5-8A58-B2E10D3E6FA4}"
EndProject
Project("{FAE04EC0-301F-11D3-BF4B-00C04F79EFBC}") = "WebFile.Share", "WebFile.Share\WebFile.Share.csproj", "{75E40B9B-B073-4DCE-BE0C-2B08A50BF673}"
EndProject
Global
	GlobalSection(SolutionConfigurationPlatforms) = preSolution
		Debug|Any CPU = Debug|Any CPU
		Release|Any CPU = Release|Any CPU
	EndGlobalSection
	GlobalSection(ProjectConfigurationPlatforms) = postSolution
		{5CD41721-BF74-451D-8E1B-BA02D6E5A5A3}.Debug|Any CPU.ActiveCfg = Debug|Any CPU
		{5CD41721-BF74-451D-8E1B-BA02D6E5A5A3}.Debug|Any CPU.Build.0 = Debug|Any CPU
		{5CD41721-BF74-451D-8E1B-BA02D6E5A5A3}.Release|Any CPU.ActiveCfg = Release|Any CPU
		{5CD41721-BF74-451D-8E1B-BA02D6E5A5A3}.Release|Any CPU.Build.0 = Release|Any CPU
		{B2F5BF88-FFE0-4BE5-8A58-B2E10D3E6FA4}.Debug|Any CPU.ActiveCfg = Debug|Any CPU
		{B2F5BF88-FFE0-4BE5-8A58-B2E10D3E6FA4}.Debug|Any CPU.Build.0 = Debug|Any CPU
		{B2F5BF88-FFE0-4BE5-8A58-B2E10D3E6FA4}.Release|Any CPU.ActiveCfg = Release|Any CPU
		{B2F5BF88-FFE0-4BE5-8A58-B2E10D3E6FA4}.Release|Any CPU.Build.0 = Release|Any CPU
		{75E40B9B-B073-4DCE-BE0C-2B08A50BF673}.Debug|Any CPU.ActiveCfg = Debug|Any CPU
		{75E40B9B-B073-4DCE-BE0C-2B08A50BF673}.Debug|Any CPU.Build.0 = Debug|Any CPU
		{75E40B9B-B073-4DCE-BE0C-2B08A50BF673}.Release|Any CPU.ActiveCfg = Release|Any CPU
		{75E40B9B-B073-4DCE-BE0C-2B08A50BF673}.Release|Any CPU.Build.0 = Release|Any CPU
	EndGlobalSection
EndGlobal
