
Microsoft Visual Studio Solution File, Format Version 12.00
Project("{FAE04EC0-301F-11D3-BF4B-00C04F79EFBC}") = "WebFiles.WebApi", "WebFiles.WebApi\WebFiles.WebApi.csproj", "{F31F317C-0E4E-4C41-A0B1-2B15D07CA7D2}"
EndProject
Project("{FAE04EC0-301F-11D3-BF4B-00C04F79EFBC}") = "WebFiles.WindowsApp", "WebFiles.WindowsApp\WebFiles.WindowsApp.csproj", "{04678E7D-FEA8-4743-A19A-2AF83B55AA6B}"
EndProject
Project("{FAE04EC0-301F-11D3-BF4B-00C04F79EFBC}") = "WebFiles.WebApp", "WebFiles.WebApp\WebFiles.WebApp.csproj", "{A9FE54C3-1C2E-4A9B-83F7-E10A95711B28}"
EndProject
Project("{FAE04EC0-301F-11D3-BF4B-00C04F79EFBC}") = "WebFiles.DataModel", "WebFiles.DataModel\WebFiles.DataModel.csproj", "{B57FD173-833A-4A79-886D-DB6782753474}"
EndProject
Project("{FAE04EC0-301F-11D3-BF4B-00C04F79EFBC}") = "WebFiles.AppModel", "WebFiles.AppModel\WebFiles.AppModel.csproj", "{147CB1A4-E091-472F-8454-49DF7F781F43}"
EndProject
Global
	GlobalSection(SolutionConfigurationPlatforms) = preSolution
		Debug|Any CPU = Debug|Any CPU
		Release|Any CPU = Release|Any CPU
	EndGlobalSection
	GlobalSection(ProjectConfigurationPlatforms) = postSolution
		{F31F317C-0E4E-4C41-A0B1-2B15D07CA7D2}.Debug|Any CPU.ActiveCfg = Debug|Any CPU
		{F31F317C-0E4E-4C41-A0B1-2B15D07CA7D2}.Debug|Any CPU.Build.0 = Debug|Any CPU
		{F31F317C-0E4E-4C41-A0B1-2B15D07CA7D2}.Release|Any CPU.ActiveCfg = Release|Any CPU
		{F31F317C-0E4E-4C41-A0B1-2B15D07CA7D2}.Release|Any CPU.Build.0 = Release|Any CPU
		{04678E7D-FEA8-4743-A19A-2AF83B55AA6B}.Debug|Any CPU.ActiveCfg = Debug|Any CPU
		{04678E7D-FEA8-4743-A19A-2AF83B55AA6B}.Debug|Any CPU.Build.0 = Debug|Any CPU
		{04678E7D-FEA8-4743-A19A-2AF83B55AA6B}.Release|Any CPU.ActiveCfg = Release|Any CPU
		{04678E7D-FEA8-4743-A19A-2AF83B55AA6B}.Release|Any CPU.Build.0 = Release|Any CPU
		{A9FE54C3-1C2E-4A9B-83F7-E10A95711B28}.Debug|Any CPU.ActiveCfg = Debug|Any CPU
		{A9FE54C3-1C2E-4A9B-83F7-E10A95711B28}.Debug|Any CPU.Build.0 = Debug|Any CPU
		{A9FE54C3-1C2E-4A9B-83F7-E10A95711B28}.Release|Any CPU.ActiveCfg = Release|Any CPU
		{A9FE54C3-1C2E-4A9B-83F7-E10A95711B28}.Release|Any CPU.Build.0 = Release|Any CPU
		{B57FD173-833A-4A79-886D-DB6782753474}.Debug|Any CPU.ActiveCfg = Debug|Any CPU
		{B57FD173-833A-4A79-886D-DB6782753474}.Debug|Any CPU.Build.0 = Debug|Any CPU
		{B57FD173-833A-4A79-886D-DB6782753474}.Release|Any CPU.ActiveCfg = Release|Any CPU
		{B57FD173-833A-4A79-886D-DB6782753474}.Release|Any CPU.Build.0 = Release|Any CPU
		{147CB1A4-E091-472F-8454-49DF7F781F43}.Debug|Any CPU.ActiveCfg = Debug|Any CPU
		{147CB1A4-E091-472F-8454-49DF7F781F43}.Debug|Any CPU.Build.0 = Debug|Any CPU
		{147CB1A4-E091-472F-8454-49DF7F781F43}.Release|Any CPU.ActiveCfg = Release|Any CPU
		{147CB1A4-E091-472F-8454-49DF7F781F43}.Release|Any CPU.Build.0 = Release|Any CPU
	EndGlobalSection
EndGlobal
